
Microsoft Visual Studio Solution File, Format Version 12.00
# Visual Studio Version 16
VisualStudioVersion = 16.0.30907.101
MinimumVisualStudioVersion = 10.0.40219.1
Project("{9A19103F-16F7-4668-BE54-9A1E7A4F7556}") = "NavyPqs.UI", "NavyPqs.UI\NavyPqs.UI.csproj", "{A5EDDA0B-5553-4B01-8AAC-47944EC3125D}"
EndProject
Project("{9A19103F-16F7-4668-BE54-9A1E7A4F7556}") = "NavyPqs.Data", "NavyPqs.Data\NavyPqs.Data.csproj", "{E1A870B8-27FC-4782-97CB-EB1DD92E5E41}"
EndProject
Project("{9A19103F-16F7-4668-BE54-9A1E7A4F7556}") = "NavyPqs.Domain", "NavyPqs.Domain\NavyPqs.Domain.csproj", "{9D0BEA5B-5EBB-46C5-B84B-01B38B85D9B1}"
EndProject
Project("{FAE04EC0-301F-11D3-BF4B-00C04F79EFBC}") = "NavyPqs.TestFixture", "NavyPqs.TestFixture\NavyPqs.TestFixture.csproj", "{1CC6EB58-C258-4929-898F-CD5337E7FBD2}"
EndProject
Global
	GlobalSection(SolutionConfigurationPlatforms) = preSolution
		Debug|Any CPU = Debug|Any CPU
		Release|Any CPU = Release|Any CPU
	EndGlobalSection
	GlobalSection(ProjectConfigurationPlatforms) = postSolution
		{A5EDDA0B-5553-4B01-8AAC-47944EC3125D}.Debug|Any CPU.ActiveCfg = Debug|Any CPU
		{A5EDDA0B-5553-4B01-8AAC-47944EC3125D}.Debug|Any CPU.Build.0 = Debug|Any CPU
		{A5EDDA0B-5553-4B01-8AAC-47944EC3125D}.Release|Any CPU.ActiveCfg = Release|Any CPU
		{A5EDDA0B-5553-4B01-8AAC-47944EC3125D}.Release|Any CPU.Build.0 = Release|Any CPU
		{E1A870B8-27FC-4782-97CB-EB1DD92E5E41}.Debug|Any CPU.ActiveCfg = Debug|Any CPU
		{E1A870B8-27FC-4782-97CB-EB1DD92E5E41}.Debug|Any CPU.Build.0 = Debug|Any CPU
		{E1A870B8-27FC-4782-97CB-EB1DD92E5E41}.Release|Any CPU.ActiveCfg = Release|Any CPU
		{E1A870B8-27FC-4782-97CB-EB1DD92E5E41}.Release|Any CPU.Build.0 = Release|Any CPU
		{9D0BEA5B-5EBB-46C5-B84B-01B38B85D9B1}.Debug|Any CPU.ActiveCfg = Debug|Any CPU
		{9D0BEA5B-5EBB-46C5-B84B-01B38B85D9B1}.Debug|Any CPU.Build.0 = Debug|Any CPU
		{9D0BEA5B-5EBB-46C5-B84B-01B38B85D9B1}.Release|Any CPU.ActiveCfg = Release|Any CPU
		{9D0BEA5B-5EBB-46C5-B84B-01B38B85D9B1}.Release|Any CPU.Build.0 = Release|Any CPU
		{1CC6EB58-C258-4929-898F-CD5337E7FBD2}.Debug|Any CPU.ActiveCfg = Debug|Any CPU
		{1CC6EB58-C258-4929-898F-CD5337E7FBD2}.Debug|Any CPU.Build.0 = Debug|Any CPU
		{1CC6EB58-C258-4929-898F-CD5337E7FBD2}.Release|Any CPU.ActiveCfg = Release|Any CPU
		{1CC6EB58-C258-4929-898F-CD5337E7FBD2}.Release|Any CPU.Build.0 = Release|Any CPU
	EndGlobalSection
	GlobalSection(SolutionProperties) = preSolution
		HideSolutionNode = FALSE
	EndGlobalSection
	GlobalSection(ExtensibilityGlobals) = postSolution
		SolutionGuid = {E5EED27A-F74C-4BDC-9A39-45F74E57B7A3}
	EndGlobalSection
EndGlobal
